
Microsoft Visual Studio Solution File, Format Version 12.00
# Visual Studio Version 17
VisualStudioVersion = 17.5.33627.172
MinimumVisualStudioVersion = 10.0.40219.1
Project("{9A19103F-16F7-4668-BE54-9A1E7A4F7556}") = "OOPsReview", "OOPsReview\OOPsReview.csproj", "{17151BAC-55E2-479F-9F9D-33DB31697E06}"
EndProject
Project("{2150E333-8FDC-42A3-9474-1A3956D46DE8}") = "Solution Items", "Solution Items", "{845035A1-0F83-4228-B358-C5563E6DF86B}"
EndProject
Project("{9A19103F-16F7-4668-BE54-9A1E7A4F7556}") = "UnitTestingForSystem", "UnitTestingForSystem\UnitTestingForSystem.csproj", "{F8D379A1-FEBD-49A9-91AD-9B5609805778}"
EndProject
Project("{FAE04EC0-301F-11D3-BF4B-00C04F79EFBC}") = "SandBox", "SandBox\SandBox.csproj", "{C3ECF78C-EDDD-48B3-BE77-3617254C108D}"
EndProject
Global
	GlobalSection(SolutionConfigurationPlatforms) = preSolution
		Debug|Any CPU = Debug|Any CPU
		Release|Any CPU = Release|Any CPU
	EndGlobalSection
	GlobalSection(ProjectConfigurationPlatforms) = postSolution
		{17151BAC-55E2-479F-9F9D-33DB31697E06}.Debug|Any CPU.ActiveCfg = Debug|Any CPU
		{17151BAC-55E2-479F-9F9D-33DB31697E06}.Debug|Any CPU.Build.0 = Debug|Any CPU
		{17151BAC-55E2-479F-9F9D-33DB31697E06}.Release|Any CPU.ActiveCfg = Release|Any CPU
		{17151BAC-55E2-479F-9F9D-33DB31697E06}.Release|Any CPU.Build.0 = Release|Any CPU
		{F8D379A1-FEBD-49A9-91AD-9B5609805778}.Debug|Any CPU.ActiveCfg = Debug|Any CPU
		{F8D379A1-FEBD-49A9-91AD-9B5609805778}.Debug|Any CPU.Build.0 = Debug|Any CPU
		{F8D379A1-FEBD-49A9-91AD-9B5609805778}.Release|Any CPU.ActiveCfg = Release|Any CPU
		{F8D379A1-FEBD-49A9-91AD-9B5609805778}.Release|Any CPU.Build.0 = Release|Any CPU
		{C3ECF78C-EDDD-48B3-BE77-3617254C108D}.Debug|Any CPU.ActiveCfg = Debug|Any CPU
		{C3ECF78C-EDDD-48B3-BE77-3617254C108D}.Debug|Any CPU.Build.0 = Debug|Any CPU
		{C3ECF78C-EDDD-48B3-BE77-3617254C108D}.Release|Any CPU.ActiveCfg = Release|Any CPU
		{C3ECF78C-EDDD-48B3-BE77-3617254C108D}.Release|Any CPU.Build.0 = Release|Any CPU
	EndGlobalSection
	GlobalSection(SolutionProperties) = preSolution
		HideSolutionNode = FALSE
	EndGlobalSection
	GlobalSection(ExtensibilityGlobals) = postSolution
		SolutionGuid = {9A774331-8099-477D-A3C1-E7D49E960B5F}
	EndGlobalSection
EndGlobal
